
Microsoft Visual Studio Solution File, Format Version 12.00
# Visual Studio Version 16
VisualStudioVersion = 16.0.30523.141
MinimumVisualStudioVersion = 10.0.40219.1
Project("{FAE04EC0-301F-11D3-BF4B-00C04F79EFBC}") = "русланхы", "русланхы\русланхы.csproj", "{DEF4E964-4402-4604-9420-25F9C9A4811C}"
EndProject
Global
	GlobalSection(SolutionConfigurationPlatforms) = preSolution
		Debug|Any CPU = Debug|Any CPU
		Release|Any CPU = Release|Any CPU
	EndGlobalSection
	GlobalSection(ProjectConfigurationPlatforms) = postSolution
		{DEF4E964-4402-4604-9420-25F9C9A4811C}.Debug|Any CPU.ActiveCfg = Debug|Any CPU
		{DEF4E964-4402-4604-9420-25F9C9A4811C}.Debug|Any CPU.Build.0 = Debug|Any CPU
		{DEF4E964-4402-4604-9420-25F9C9A4811C}.Release|Any CPU.ActiveCfg = Release|Any CPU
		{DEF4E964-4402-4604-9420-25F9C9A4811C}.Release|Any CPU.Build.0 = Release|Any CPU
	EndGlobalSection
	GlobalSection(SolutionProperties) = preSolution
		HideSolutionNode = FALSE
	EndGlobalSection
	GlobalSection(ExtensibilityGlobals) = postSolution
		SolutionGuid = {E60805AF-96EA-4143-ACC4-D65B9F15D141}
	EndGlobalSection
EndGlobal
